
Microsoft Visual Studio Solution File, Format Version 12.00
# Visual Studio 2017
Project("{FAE04EC0-301F-11D3-BF4B-00C04F79EFBC}") = "mechControlTest", "mechControlTest.csproj", "{15707680-E031-14E3-4AF8-0B5930B63000}"
EndProject
Project("{FAE04EC0-301F-11D3-BF4B-00C04F79EFBC}") = "mechControlTest.Editor", "mechControlTest.Editor.csproj", "{5C97927F-1B22-BC89-18B0-30962FFE98F9}"
EndProject
Project("{FAE04EC0-301F-11D3-BF4B-00C04F79EFBC}") = "Unity.PackageManagerUI.Editor", "Unity.PackageManagerUI.Editor.csproj", "{6877705C-FBD9-0C4F-5AFB-6FB431E5D39D}"
EndProject
Project("{FAE04EC0-301F-11D3-BF4B-00C04F79EFBC}") = "UnityEditor.StandardEvents", "UnityEditor.StandardEvents.csproj", "{6800202F-4402-D405-F8CB-03DC7BD78B92}"
EndProject
Global
	GlobalSection(SolutionConfigurationPlatforms) = preSolution
		Debug|Any CPU = Debug|Any CPU
		Release|Any CPU = Release|Any CPU
	EndGlobalSection
	GlobalSection(ProjectConfigurationPlatforms) = postSolution
		{15707680-E031-14E3-4AF8-0B5930B63000}.Debug|Any CPU.ActiveCfg = Debug|Any CPU
		{15707680-E031-14E3-4AF8-0B5930B63000}.Debug|Any CPU.Build.0 = Debug|Any CPU
		{15707680-E031-14E3-4AF8-0B5930B63000}.Release|Any CPU.ActiveCfg = Release|Any CPU
		{15707680-E031-14E3-4AF8-0B5930B63000}.Release|Any CPU.Build.0 = Release|Any CPU
		{5C97927F-1B22-BC89-18B0-30962FFE98F9}.Debug|Any CPU.ActiveCfg = Debug|Any CPU
		{5C97927F-1B22-BC89-18B0-30962FFE98F9}.Debug|Any CPU.Build.0 = Debug|Any CPU
		{5C97927F-1B22-BC89-18B0-30962FFE98F9}.Release|Any CPU.ActiveCfg = Release|Any CPU
		{5C97927F-1B22-BC89-18B0-30962FFE98F9}.Release|Any CPU.Build.0 = Release|Any CPU
		{6877705C-FBD9-0C4F-5AFB-6FB431E5D39D}.Debug|Any CPU.ActiveCfg = Debug|Any CPU
		{6877705C-FBD9-0C4F-5AFB-6FB431E5D39D}.Debug|Any CPU.Build.0 = Debug|Any CPU
		{6877705C-FBD9-0C4F-5AFB-6FB431E5D39D}.Release|Any CPU.ActiveCfg = Release|Any CPU
		{6877705C-FBD9-0C4F-5AFB-6FB431E5D39D}.Release|Any CPU.Build.0 = Release|Any CPU
		{6800202F-4402-D405-F8CB-03DC7BD78B92}.Debug|Any CPU.ActiveCfg = Debug|Any CPU
		{6800202F-4402-D405-F8CB-03DC7BD78B92}.Debug|Any CPU.Build.0 = Debug|Any CPU
		{6800202F-4402-D405-F8CB-03DC7BD78B92}.Release|Any CPU.ActiveCfg = Release|Any CPU
		{6800202F-4402-D405-F8CB-03DC7BD78B92}.Release|Any CPU.Build.0 = Release|Any CPU
	EndGlobalSection
	GlobalSection(SolutionProperties) = preSolution
		HideSolutionNode = FALSE
	EndGlobalSection
EndGlobal
